{
  "requires": true,
  "lockfileVersion": 1,
  "dependencies": {
    "tosdr-sdk": {
      "version": "0.0.3",
      "resolved": "https://registry.npmjs.org/tosdr-sdk/-/tosdr-sdk-0.0.3.tgz",
      "integrity": "sha512-wmjK9iC8Y0kx7cm++E6Rxxp4sfkCgwBa07toOd3ORcozeMpgDSH4oyRfeCdgG8KdG3FPpqluNVM+hjcboz6Upg=="
    }
  }
}
