{
  "requires": true,
  "lockfileVersion": 1,
  "dependencies": {
    "tosdr-sdk": {
      "version": "0.0.4",
      "resolved": "https://registry.npmjs.org/tosdr-sdk/-/tosdr-sdk-0.0.4.tgz",
      "integrity": "sha512-6o5NKBKXyXYzvuWQa5qnTxyod1xAJgd8efjm8F5dA86lzwJ0LHpS6FWHgQwsrz8bcnaybykgyIAlxZFPTZ3vZg=="
    }
  }
}
